{
  "lockfileVersion": 1,
  "workspaces": {
    "": {
      "name": "gx-highlight-corpus",
      "devDependencies": {
        "vscode-oniguruma": "2.0.1",
        "vscode-textmate": "9.2.0",
      },
    },
  },
  "packages": {
    "vscode-oniguruma": ["vscode-oniguruma@2.0.1", "", {}, "sha512-poJU8iHIWnC3vgphJnrLZyI3YdqRlR27xzqDmpPXYzA93R4Gk8z7T6oqDzDoHjoikA2aS82crdXFkjELCdJsjQ=="],

    "vscode-textmate": ["vscode-textmate@9.2.0", "", {}, "sha512-rkvG4SraZQaPSN/5XjwKswdU0OP9MF28QjrYzUBbhb8QyG3ljB1Ky996m++jiI7KdiAP2CkBiQZd9pqEDTClqA=="],
  }
}
